
Microsoft Visual Studio Solution File, Format Version 12.00
# Visual Studio Version 17
VisualStudioVersion = 17.1.32414.318
MinimumVisualStudioVersion = 10.0.40219.1
Project("{9A19103F-16F7-4668-BE54-9A1E7A4F7556}") = "M01_HalloWPF", "HalloWPF\M01_HalloWPF.csproj", "{A34A0D23-4E5F-4D9F-9E2C-36959B47E2E7}"
EndProject
Project("{9A19103F-16F7-4668-BE54-9A1E7A4F7556}") = "M02_Controls", "Controls\M02_Controls.csproj", "{0A816779-B7BD-4AC6-BB31-2939C2C452A5}"
EndProject
Project("{9A19103F-16F7-4668-BE54-9A1E7A4F7556}") = "Personendatenbank", "Personendatenbank\Personendatenbank.csproj", "{EDC79990-5012-478A-9F1A-DB622186B156}"
EndProject
Project("{9A19103F-16F7-4668-BE54-9A1E7A4F7556}") = "M03_Container", "Container\M03_Container.csproj", "{D1120295-21AA-454C-BFD7-51DC6C79F7F8}"
EndProject
Project("{9A19103F-16F7-4668-BE54-9A1E7A4F7556}") = "M04_EventRouting", "EventRouting\M04_EventRouting.csproj", "{B6A8291A-1CA5-4B24-8AB1-589205448BDA}"
EndProject
Project("{9A19103F-16F7-4668-BE54-9A1E7A4F7556}") = "M05_PropertyBinding", "PropertyBinding\M05_PropertyBinding.csproj", "{8D21A4EA-C589-46A6-869A-6A04F94EABE6}"
EndProject
Project("{9A19103F-16F7-4668-BE54-9A1E7A4F7556}") = "ColorPicker", "ColorPicker\ColorPicker.csproj", "{3AE0D478-D40D-4DB8-A584-8B1CB37B0837}"
EndProject
Project("{9A19103F-16F7-4668-BE54-9A1E7A4F7556}") = "M06_DataBinding", "DataBinding\M06_DataBinding.csproj", "{0437BE8F-5C89-4A8B-A3E6-6C9E8DD41408}"
EndProject
Project("{9A19103F-16F7-4668-BE54-9A1E7A4F7556}") = "M07_Ressourcen_Styles", "Ressourcen_Styles\M07_Ressourcen_Styles.csproj", "{DB2F42C0-8546-49F9-AEEF-24783836BFBD}"
EndProject
Project("{9A19103F-16F7-4668-BE54-9A1E7A4F7556}") = "M08_Templates", "Templates\M08_Templates.csproj", "{0E8330CD-4135-4AC7-879F-16F486BFB66F}"
EndProject
Project("{9A19103F-16F7-4668-BE54-9A1E7A4F7556}") = "M09_Validation", "Validation\M09_Validation.csproj", "{CF035157-DFAF-4E82-831F-44F8B8A8A9B8}"
EndProject
Project("{9A19103F-16F7-4668-BE54-9A1E7A4F7556}") = "M10_Trigger", "Trigger\M10_Trigger.csproj", "{AD4B0370-E903-4534-A5B1-E7E32D6F7075}"
EndProject
Project("{9A19103F-16F7-4668-BE54-9A1E7A4F7556}") = "M11_UserControls", "UserControls\M11_UserControls.csproj", "{7070D79C-665A-423B-A24B-010B7C8BA18B}"
EndProject
Project("{FAE04EC0-301F-11D3-BF4B-00C04F79EFBC}") = "M13_Commands", "Commands\M13_Commands.csproj", "{71A10F1B-AC38-44A0-BCAC-510F72284FCF}"
EndProject
Project("{FAE04EC0-301F-11D3-BF4B-00C04F79EFBC}") = "M14_MVVM", "MVVM\M14_MVVM.csproj", "{6659C7F4-DC01-42C1-88FE-4A935F16CC10}"
EndProject
Project("{FAE04EC0-301F-11D3-BF4B-00C04F79EFBC}") = "M12_RelativeSources", "RelativeSources\M12_RelativeSources.csproj", "{762D90F5-9204-42DE-ACD3-2F42B9438222}"
EndProject
Project("{FAE04EC0-301F-11D3-BF4B-00C04F79EFBC}") = "M15_Localisation", "Localisation\M15_Localisation.csproj", "{62E40622-E56E-4F2E-9D4A-746C97E41DAB}"
EndProject
Project("{FAE04EC0-301F-11D3-BF4B-00C04F79EFBC}") = "M16_Animations", "Animations\M16_Animations.csproj", "{D60594C5-5E6A-429E-9B9A-921CED717137}"
EndProject
Global
	GlobalSection(SolutionConfigurationPlatforms) = preSolution
		Debug|Any CPU = Debug|Any CPU
		Release|Any CPU = Release|Any CPU
	EndGlobalSection
	GlobalSection(ProjectConfigurationPlatforms) = postSolution
		{A34A0D23-4E5F-4D9F-9E2C-36959B47E2E7}.Debug|Any CPU.ActiveCfg = Debug|Any CPU
		{A34A0D23-4E5F-4D9F-9E2C-36959B47E2E7}.Debug|Any CPU.Build.0 = Debug|Any CPU
		{A34A0D23-4E5F-4D9F-9E2C-36959B47E2E7}.Release|Any CPU.ActiveCfg = Release|Any CPU
		{A34A0D23-4E5F-4D9F-9E2C-36959B47E2E7}.Release|Any CPU.Build.0 = Release|Any CPU
		{0A816779-B7BD-4AC6-BB31-2939C2C452A5}.Debug|Any CPU.ActiveCfg = Debug|Any CPU
		{0A816779-B7BD-4AC6-BB31-2939C2C452A5}.Debug|Any CPU.Build.0 = Debug|Any CPU
		{0A816779-B7BD-4AC6-BB31-2939C2C452A5}.Release|Any CPU.ActiveCfg = Release|Any CPU
		{0A816779-B7BD-4AC6-BB31-2939C2C452A5}.Release|Any CPU.Build.0 = Release|Any CPU
		{EDC79990-5012-478A-9F1A-DB622186B156}.Debug|Any CPU.ActiveCfg = Debug|Any CPU
		{EDC79990-5012-478A-9F1A-DB622186B156}.Debug|Any CPU.Build.0 = Debug|Any CPU
		{EDC79990-5012-478A-9F1A-DB622186B156}.Release|Any CPU.ActiveCfg = Release|Any CPU
		{EDC79990-5012-478A-9F1A-DB622186B156}.Release|Any CPU.Build.0 = Release|Any CPU
		{D1120295-21AA-454C-BFD7-51DC6C79F7F8}.Debug|Any CPU.ActiveCfg = Debug|Any CPU
		{D1120295-21AA-454C-BFD7-51DC6C79F7F8}.Debug|Any CPU.Build.0 = Debug|Any CPU
		{D1120295-21AA-454C-BFD7-51DC6C79F7F8}.Release|Any CPU.ActiveCfg = Release|Any CPU
		{D1120295-21AA-454C-BFD7-51DC6C79F7F8}.Release|Any CPU.Build.0 = Release|Any CPU
		{B6A8291A-1CA5-4B24-8AB1-589205448BDA}.Debug|Any CPU.ActiveCfg = Debug|Any CPU
		{B6A8291A-1CA5-4B24-8AB1-589205448BDA}.Debug|Any CPU.Build.0 = Debug|Any CPU
		{B6A8291A-1CA5-4B24-8AB1-589205448BDA}.Release|Any CPU.ActiveCfg = Release|Any CPU
		{B6A8291A-1CA5-4B24-8AB1-589205448BDA}.Release|Any CPU.Build.0 = Release|Any CPU
		{8D21A4EA-C589-46A6-869A-6A04F94EABE6}.Debug|Any CPU.ActiveCfg = Debug|Any CPU
		{8D21A4EA-C589-46A6-869A-6A04F94EABE6}.Debug|Any CPU.Build.0 = Debug|Any CPU
		{8D21A4EA-C589-46A6-869A-6A04F94EABE6}.Release|Any CPU.ActiveCfg = Release|Any CPU
		{8D21A4EA-C589-46A6-869A-6A04F94EABE6}.Release|Any CPU.Build.0 = Release|Any CPU
		{3AE0D478-D40D-4DB8-A584-8B1CB37B0837}.Debug|Any CPU.ActiveCfg = Debug|Any CPU
		{3AE0D478-D40D-4DB8-A584-8B1CB37B0837}.Debug|Any CPU.Build.0 = Debug|Any CPU
		{3AE0D478-D40D-4DB8-A584-8B1CB37B0837}.Release|Any CPU.ActiveCfg = Release|Any CPU
		{3AE0D478-D40D-4DB8-A584-8B1CB37B0837}.Release|Any CPU.Build.0 = Release|Any CPU
		{0437BE8F-5C89-4A8B-A3E6-6C9E8DD41408}.Debug|Any CPU.ActiveCfg = Debug|Any CPU
		{0437BE8F-5C89-4A8B-A3E6-6C9E8DD41408}.Debug|Any CPU.Build.0 = Debug|Any CPU
		{0437BE8F-5C89-4A8B-A3E6-6C9E8DD41408}.Release|Any CPU.ActiveCfg = Release|Any CPU
		{0437BE8F-5C89-4A8B-A3E6-6C9E8DD41408}.Release|Any CPU.Build.0 = Release|Any CPU
		{DB2F42C0-8546-49F9-AEEF-24783836BFBD}.Debug|Any CPU.ActiveCfg = Debug|Any CPU
		{DB2F42C0-8546-49F9-AEEF-24783836BFBD}.Debug|Any CPU.Build.0 = Debug|Any CPU
		{DB2F42C0-8546-49F9-AEEF-24783836BFBD}.Release|Any CPU.ActiveCfg = Release|Any CPU
		{DB2F42C0-8546-49F9-AEEF-24783836BFBD}.Release|Any CPU.Build.0 = Release|Any CPU
		{0E8330CD-4135-4AC7-879F-16F486BFB66F}.Debug|Any CPU.ActiveCfg = Debug|Any CPU
		{0E8330CD-4135-4AC7-879F-16F486BFB66F}.Debug|Any CPU.Build.0 = Debug|Any CPU
		{0E8330CD-4135-4AC7-879F-16F486BFB66F}.Release|Any CPU.ActiveCfg = Release|Any CPU
		{0E8330CD-4135-4AC7-879F-16F486BFB66F}.Release|Any CPU.Build.0 = Release|Any CPU
		{CF035157-DFAF-4E82-831F-44F8B8A8A9B8}.Debug|Any CPU.ActiveCfg = Debug|Any CPU
		{CF035157-DFAF-4E82-831F-44F8B8A8A9B8}.Debug|Any CPU.Build.0 = Debug|Any CPU
		{CF035157-DFAF-4E82-831F-44F8B8A8A9B8}.Release|Any CPU.ActiveCfg = Release|Any CPU
		{CF035157-DFAF-4E82-831F-44F8B8A8A9B8}.Release|Any CPU.Build.0 = Release|Any CPU
		{AD4B0370-E903-4534-A5B1-E7E32D6F7075}.Debug|Any CPU.ActiveCfg = Debug|Any CPU
		{AD4B0370-E903-4534-A5B1-E7E32D6F7075}.Debug|Any CPU.Build.0 = Debug|Any CPU
		{AD4B0370-E903-4534-A5B1-E7E32D6F7075}.Release|Any CPU.ActiveCfg = Release|Any CPU
		{AD4B0370-E903-4534-A5B1-E7E32D6F7075}.Release|Any CPU.Build.0 = Release|Any CPU
		{7070D79C-665A-423B-A24B-010B7C8BA18B}.Debug|Any CPU.ActiveCfg = Debug|Any CPU
		{7070D79C-665A-423B-A24B-010B7C8BA18B}.Debug|Any CPU.Build.0 = Debug|Any CPU
		{7070D79C-665A-423B-A24B-010B7C8BA18B}.Release|Any CPU.ActiveCfg = Release|Any CPU
		{7070D79C-665A-423B-A24B-010B7C8BA18B}.Release|Any CPU.Build.0 = Release|Any CPU
		{71A10F1B-AC38-44A0-BCAC-510F72284FCF}.Debug|Any CPU.ActiveCfg = Debug|Any CPU
		{71A10F1B-AC38-44A0-BCAC-510F72284FCF}.Debug|Any CPU.Build.0 = Debug|Any CPU
		{71A10F1B-AC38-44A0-BCAC-510F72284FCF}.Release|Any CPU.ActiveCfg = Release|Any CPU
		{71A10F1B-AC38-44A0-BCAC-510F72284FCF}.Release|Any CPU.Build.0 = Release|Any CPU
		{6659C7F4-DC01-42C1-88FE-4A935F16CC10}.Debug|Any CPU.ActiveCfg = Debug|Any CPU
		{6659C7F4-DC01-42C1-88FE-4A935F16CC10}.Debug|Any CPU.Build.0 = Debug|Any CPU
		{6659C7F4-DC01-42C1-88FE-4A935F16CC10}.Release|Any CPU.ActiveCfg = Release|Any CPU
		{6659C7F4-DC01-42C1-88FE-4A935F16CC10}.Release|Any CPU.Build.0 = Release|Any CPU
		{762D90F5-9204-42DE-ACD3-2F42B9438222}.Debug|Any CPU.ActiveCfg = Debug|Any CPU
		{762D90F5-9204-42DE-ACD3-2F42B9438222}.Debug|Any CPU.Build.0 = Debug|Any CPU
		{762D90F5-9204-42DE-ACD3-2F42B9438222}.Release|Any CPU.ActiveCfg = Release|Any CPU
		{762D90F5-9204-42DE-ACD3-2F42B9438222}.Release|Any CPU.Build.0 = Release|Any CPU
		{62E40622-E56E-4F2E-9D4A-746C97E41DAB}.Debug|Any CPU.ActiveCfg = Debug|Any CPU
		{62E40622-E56E-4F2E-9D4A-746C97E41DAB}.Debug|Any CPU.Build.0 = Debug|Any CPU
		{62E40622-E56E-4F2E-9D4A-746C97E41DAB}.Release|Any CPU.ActiveCfg = Release|Any CPU
		{62E40622-E56E-4F2E-9D4A-746C97E41DAB}.Release|Any CPU.Build.0 = Release|Any CPU
		{D60594C5-5E6A-429E-9B9A-921CED717137}.Debug|Any CPU.ActiveCfg = Debug|Any CPU
		{D60594C5-5E6A-429E-9B9A-921CED717137}.Debug|Any CPU.Build.0 = Debug|Any CPU
		{D60594C5-5E6A-429E-9B9A-921CED717137}.Release|Any CPU.ActiveCfg = Release|Any CPU
		{D60594C5-5E6A-429E-9B9A-921CED717137}.Release|Any CPU.Build.0 = Release|Any CPU
	EndGlobalSection
	GlobalSection(SolutionProperties) = preSolution
		HideSolutionNode = FALSE
	EndGlobalSection
	GlobalSection(ExtensibilityGlobals) = postSolution
		SolutionGuid = {B1A77A4F-5833-44AF-977B-2EF39F366875}
	EndGlobalSection
EndGlobal
